
Microsoft Visual Studio Solution File, Format Version 12.00
# Visual Studio 15
VisualStudioVersion = 15.0.27004.2008
MinimumVisualStudioVersion = 10.0.40219.1
Project("{9A19103F-16F7-4668-BE54-9A1E7A4F7556}") = "SimpleCustomerManager", "SimpleCustomerManager\SimpleCustomerManager.csproj", "{FB634324-97E0-4220-B234-254D47863A87}"
EndProject
Project("{FAE04EC0-301F-11D3-BF4B-00C04F79EFBC}") = "SimpleCustomerManager.Models", "SimpleCustomerManager.Models\SimpleCustomerManager.Models.csproj", "{7C6BA8D2-1A5C-4FAC-8BC7-CF6465AC946F}"
EndProject
Project("{FAE04EC0-301F-11D3-BF4B-00C04F79EFBC}") = "SimpleCustomerManager.DAL", "SimpleCustomerManager.DAL\SimpleCustomerManager.DAL.csproj", "{FAA18AE4-5F46-4811-953D-A1179C68C0F9}"
EndProject
Project("{FAE04EC0-301F-11D3-BF4B-00C04F79EFBC}") = "SimpleCustomerManager.Core", "SimpleCustomerManager.Core\SimpleCustomerManager.Core.csproj", "{5E2A9FB5-B1F5-4C76-995B-6A8ABDBA00E8}"
EndProject
Global
	GlobalSection(SolutionConfigurationPlatforms) = preSolution
		Debug|Any CPU = Debug|Any CPU
		Release|Any CPU = Release|Any CPU
	EndGlobalSection
	GlobalSection(ProjectConfigurationPlatforms) = postSolution
		{FB634324-97E0-4220-B234-254D47863A87}.Debug|Any CPU.ActiveCfg = Debug|Any CPU
		{FB634324-97E0-4220-B234-254D47863A87}.Debug|Any CPU.Build.0 = Debug|Any CPU
		{FB634324-97E0-4220-B234-254D47863A87}.Release|Any CPU.ActiveCfg = Release|Any CPU
		{FB634324-97E0-4220-B234-254D47863A87}.Release|Any CPU.Build.0 = Release|Any CPU
		{7C6BA8D2-1A5C-4FAC-8BC7-CF6465AC946F}.Debug|Any CPU.ActiveCfg = Debug|Any CPU
		{7C6BA8D2-1A5C-4FAC-8BC7-CF6465AC946F}.Debug|Any CPU.Build.0 = Debug|Any CPU
		{7C6BA8D2-1A5C-4FAC-8BC7-CF6465AC946F}.Release|Any CPU.ActiveCfg = Release|Any CPU
		{7C6BA8D2-1A5C-4FAC-8BC7-CF6465AC946F}.Release|Any CPU.Build.0 = Release|Any CPU
		{FAA18AE4-5F46-4811-953D-A1179C68C0F9}.Debug|Any CPU.ActiveCfg = Debug|Any CPU
		{FAA18AE4-5F46-4811-953D-A1179C68C0F9}.Debug|Any CPU.Build.0 = Debug|Any CPU
		{FAA18AE4-5F46-4811-953D-A1179C68C0F9}.Release|Any CPU.ActiveCfg = Release|Any CPU
		{FAA18AE4-5F46-4811-953D-A1179C68C0F9}.Release|Any CPU.Build.0 = Release|Any CPU
		{5E2A9FB5-B1F5-4C76-995B-6A8ABDBA00E8}.Debug|Any CPU.ActiveCfg = Debug|Any CPU
		{5E2A9FB5-B1F5-4C76-995B-6A8ABDBA00E8}.Debug|Any CPU.Build.0 = Debug|Any CPU
		{5E2A9FB5-B1F5-4C76-995B-6A8ABDBA00E8}.Release|Any CPU.ActiveCfg = Release|Any CPU
		{5E2A9FB5-B1F5-4C76-995B-6A8ABDBA00E8}.Release|Any CPU.Build.0 = Release|Any CPU
	EndGlobalSection
	GlobalSection(SolutionProperties) = preSolution
		HideSolutionNode = FALSE
	EndGlobalSection
	GlobalSection(ExtensibilityGlobals) = postSolution
		SolutionGuid = {E6DD2D39-FCAB-4C00-AE3D-288C5356FBBC}
	EndGlobalSection
EndGlobal
